
Microsoft Visual Studio Solution File, Format Version 12.00
# Visual Studio Version 17
VisualStudioVersion = 17.13.36105.23
MinimumVisualStudioVersion = 10.0.40219.1
Project("{FAE04EC0-301F-11D3-BF4B-00C04F79EFBC}") = "nameSpace", "nameSpace\nameSpace.csproj", "{8846CFCB-F825-4CAD-8524-62D4A52FC63C}"
EndProject
Project("{FAE04EC0-301F-11D3-BF4B-00C04F79EFBC}") = "Demo_Class", "Demo_Class\Demo_Class.csproj", "{EA250365-95A6-4680-A07D-D88FE716DFC0}"
EndProject
Project("{FAE04EC0-301F-11D3-BF4B-00C04F79EFBC}") = "demo_static", "demo_static\demo_static.csproj", "{E4E273A3-6057-4B59-A56B-5312B9F4842A}"
EndProject
Project("{2150E333-8FDC-42A3-9474-1A3956D46DE8}") = "Demo", "Demo", "{02EA681E-C7D8-13C7-8484-4AC65E1B71E8}"
EndProject
Project("{FAE04EC0-301F-11D3-BF4B-00C04F79EFBC}") = "exo_Monopoly", "..\..\Desktop\exo_Monopoly\exo_Monopoly.csproj", "{992EA86D-59CA-467F-BAB8-2CB1FF7E8210}"
EndProject
Project("{FAE04EC0-301F-11D3-BF4B-00C04F79EFBC}") = "Demo_encapsulation", "Demo_encapsulation\Demo_encapsulation.csproj", "{3319228D-BA50-4585-872D-E27D60414643}"
EndProject
Project("{FAE04EC0-301F-11D3-BF4B-00C04F79EFBC}") = "demo_proprietes", "demo_proprietes\demo_proprietes.csproj", "{2237CE48-0C3A-41EB-8268-F31531267A9E}"
EndProject
Project("{FAE04EC0-301F-11D3-BF4B-00C04F79EFBC}") = "demo_indexeur", "demo_indexeur\demo_indexeur.csproj", "{CA940070-1BA2-4715-9478-80A5F1299385}"
EndProject
Global
	GlobalSection(SolutionConfigurationPlatforms) = preSolution
		Debug|Any CPU = Debug|Any CPU
		Release|Any CPU = Release|Any CPU
	EndGlobalSection
	GlobalSection(ProjectConfigurationPlatforms) = postSolution
		{8846CFCB-F825-4CAD-8524-62D4A52FC63C}.Debug|Any CPU.ActiveCfg = Debug|Any CPU
		{8846CFCB-F825-4CAD-8524-62D4A52FC63C}.Debug|Any CPU.Build.0 = Debug|Any CPU
		{8846CFCB-F825-4CAD-8524-62D4A52FC63C}.Release|Any CPU.ActiveCfg = Release|Any CPU
		{8846CFCB-F825-4CAD-8524-62D4A52FC63C}.Release|Any CPU.Build.0 = Release|Any CPU
		{EA250365-95A6-4680-A07D-D88FE716DFC0}.Debug|Any CPU.ActiveCfg = Debug|Any CPU
		{EA250365-95A6-4680-A07D-D88FE716DFC0}.Debug|Any CPU.Build.0 = Debug|Any CPU
		{EA250365-95A6-4680-A07D-D88FE716DFC0}.Release|Any CPU.ActiveCfg = Release|Any CPU
		{EA250365-95A6-4680-A07D-D88FE716DFC0}.Release|Any CPU.Build.0 = Release|Any CPU
		{E4E273A3-6057-4B59-A56B-5312B9F4842A}.Debug|Any CPU.ActiveCfg = Debug|Any CPU
		{E4E273A3-6057-4B59-A56B-5312B9F4842A}.Debug|Any CPU.Build.0 = Debug|Any CPU
		{E4E273A3-6057-4B59-A56B-5312B9F4842A}.Release|Any CPU.ActiveCfg = Release|Any CPU
		{E4E273A3-6057-4B59-A56B-5312B9F4842A}.Release|Any CPU.Build.0 = Release|Any CPU
		{992EA86D-59CA-467F-BAB8-2CB1FF7E8210}.Debug|Any CPU.ActiveCfg = Debug|Any CPU
		{992EA86D-59CA-467F-BAB8-2CB1FF7E8210}.Debug|Any CPU.Build.0 = Debug|Any CPU
		{992EA86D-59CA-467F-BAB8-2CB1FF7E8210}.Release|Any CPU.ActiveCfg = Release|Any CPU
		{992EA86D-59CA-467F-BAB8-2CB1FF7E8210}.Release|Any CPU.Build.0 = Release|Any CPU
		{3319228D-BA50-4585-872D-E27D60414643}.Debug|Any CPU.ActiveCfg = Debug|Any CPU
		{3319228D-BA50-4585-872D-E27D60414643}.Debug|Any CPU.Build.0 = Debug|Any CPU
		{3319228D-BA50-4585-872D-E27D60414643}.Release|Any CPU.ActiveCfg = Release|Any CPU
		{3319228D-BA50-4585-872D-E27D60414643}.Release|Any CPU.Build.0 = Release|Any CPU
		{2237CE48-0C3A-41EB-8268-F31531267A9E}.Debug|Any CPU.ActiveCfg = Debug|Any CPU
		{2237CE48-0C3A-41EB-8268-F31531267A9E}.Debug|Any CPU.Build.0 = Debug|Any CPU
		{2237CE48-0C3A-41EB-8268-F31531267A9E}.Release|Any CPU.ActiveCfg = Release|Any CPU
		{2237CE48-0C3A-41EB-8268-F31531267A9E}.Release|Any CPU.Build.0 = Release|Any CPU
		{CA940070-1BA2-4715-9478-80A5F1299385}.Debug|Any CPU.ActiveCfg = Debug|Any CPU
		{CA940070-1BA2-4715-9478-80A5F1299385}.Debug|Any CPU.Build.0 = Debug|Any CPU
		{CA940070-1BA2-4715-9478-80A5F1299385}.Release|Any CPU.ActiveCfg = Release|Any CPU
		{CA940070-1BA2-4715-9478-80A5F1299385}.Release|Any CPU.Build.0 = Release|Any CPU
	EndGlobalSection
	GlobalSection(SolutionProperties) = preSolution
		HideSolutionNode = FALSE
	EndGlobalSection
	GlobalSection(NestedProjects) = preSolution
		{8846CFCB-F825-4CAD-8524-62D4A52FC63C} = {02EA681E-C7D8-13C7-8484-4AC65E1B71E8}
		{EA250365-95A6-4680-A07D-D88FE716DFC0} = {02EA681E-C7D8-13C7-8484-4AC65E1B71E8}
		{E4E273A3-6057-4B59-A56B-5312B9F4842A} = {02EA681E-C7D8-13C7-8484-4AC65E1B71E8}
		{3319228D-BA50-4585-872D-E27D60414643} = {02EA681E-C7D8-13C7-8484-4AC65E1B71E8}
		{2237CE48-0C3A-41EB-8268-F31531267A9E} = {02EA681E-C7D8-13C7-8484-4AC65E1B71E8}
		{CA940070-1BA2-4715-9478-80A5F1299385} = {02EA681E-C7D8-13C7-8484-4AC65E1B71E8}
	EndGlobalSection
	GlobalSection(ExtensibilityGlobals) = postSolution
		SolutionGuid = {1DC8176D-03A9-4D56-82F4-07ABAF90E33A}
	EndGlobalSection
EndGlobal
